# Generated by buf. DO NOT EDIT.
version: v1
deps:
  - remote: buf.build
    owner: cosmos
    repository: cosmos-proto
    commit: 1935555c206d4afb9e94615dfd0fad31
    digest: shake256:c74d91a3ac7ae07d579e90eee33abf9b29664047ac8816500cf22c081fec0d72d62c89ce0bebafc1f6fec7aa5315be72606717740ca95007248425102c365377
  - remote: buf.build
    owner: cosmos
    repository: cosmos-sdk
    commit: e7dd2c968d9a403b8f1a01a8d8c8a581
    digest: shake256:e766fba8cb060d67357cc715f5c39ca32661b069f829a016962e2b6879f3cebcaecb23c9ac9f7846e04e10a0a6163298713078bc9ef0cf3400885a0acf5ba3bc
  - remote: buf.build
    owner: cosmos
    repository: gogo-proto
    commit: 5e5b9fdd01804356895f8f79a6f1ddc1
    digest: shake256:0b85da49e2e5f9ebc4806eae058e2f56096ff3b1c59d1fb7c190413dd15f45dd456f0b69ced9059341c80795d2b6c943de15b120a9e0308b499e43e4b5fc2952
  - remote: buf.build
    owner: cosmos
    repository: ics23
    commit: a9ee7c290ef34ee69d3f141b9b44dcee
    digest: shake256:255dbee3e92a370723bf4d72b34868b18e7570543f30f79c0c8c10a5a332d230175e0c29cb7ebcb8020706312e3cd37c23974df0bacfb60a4afb968fee4c1afc
  - remote: buf.build
    owner: googleapis
    repository: googleapis
    commit: a86849a25cc04f4dbe9b15ddddfbc488
    digest: shake256:e19143328f8cbfe13fc226aeee5e63773ca494693a72740a7560664270039a380d94a1344234b88c7691311460df9a9b1c2982190d0a2612eae80368718e1943
  - remote: buf.build
    owner: protocolbuffers
    repository: wellknowntypes
    commit: 11912caccc894a0e8bfa509e433b10c0
    digest: shake256:c14a5a03f8db59c57b701c95f6e524b42f3f3be251e60ccf4108d91c068a5c31b123ec402e62f8171734a663a8c8a940a1ec48c09448c88033112b45f5ae4c7f
